{
  "name": "sagaoffline",
  "version": "1.0.0",
  "lockfileVersion": 1,
  "requires": true,
  "dependencies": {
    "lodash": {
      "version": "4.17.10",
      "resolved": "https://registry.npmjs.org/lodash/-/lodash-4.17.10.tgz",
      "integrity": "sha512-UejweD1pDoXu+AD825lWwp4ZGtSwgnpZxb3JDViD7StjQz+Nb/6l093lx4OQ0foGWNRoc19mWy7BzL+UAK2iVg=="
    },
    "lodash.isplainobject": {
      "version": "4.0.6",
      "resolved": "https://registry.npmjs.org/lodash.isplainobject/-/lodash.isplainobject-4.0.6.tgz",
      "integrity": "sha1-fFJqUtibRcRcxpC4gWO+BJf1UMs="
    },
    "react-native-reachability": {
      "version": "1.0.4",
      "resolved": "https://registry.npmjs.org/react-native-reachability/-/react-native-reachability-1.0.4.tgz",
      "integrity": "sha1-zU36POJ2OwG5ZfmGdRg4+cCVLw8="
    },
    "redux-mock-store": {
      "version": "1.5.3",
      "resolved": "https://registry.npmjs.org/redux-mock-store/-/redux-mock-store-1.5.3.tgz",
      "integrity": "sha512-ryhkkb/4D4CUGpAV2ln1GOY/uh51aczjcRz9k2L2bPx/Xja3c5pSGJJPyR25GNVRXtKIExScdAgFdiXp68GmJA==",
      "requires": {
        "lodash.isplainobject": "4.0.6"
      }
    }
  }
}
